
Microsoft Visual Studio Solution File, Format Version 12.00
# Visual Studio Version 17
VisualStudioVersion = 17.0.31903.59
MinimumVisualStudioVersion = 10.0.40219.1
Project("{FAE04EC0-301F-11D3-BF4B-00C04F79EFBC}") = "Pure.RelationalSchema.HashCodes", "Pure.RelationalSchema.HashCodes\Pure.RelationalSchema.HashCodes.csproj", "{3BF7D808-C22E-45EB-AAE7-A1F10AC02F07}"
EndProject
Project("{2150E333-8FDC-42A3-9474-1A3956D46DE8}") = "Tests", "Tests", "{0AB3BF05-4346-4AA6-1389-037BE0695223}"
EndProject
Project("{FAE04EC0-301F-11D3-BF4B-00C04F79EFBC}") = "Pure.RelationalSchema.HashCodes.Tests", "Tests\Pure.RelationalSchema.HashCodes.Tests\Pure.RelationalSchema.HashCodes.Tests.csproj", "{B556D3AD-4A36-43CD-90B5-3F36DA561763}"
EndProject
Project("{2150E333-8FDC-42A3-9474-1A3956D46DE8}") = "Solution Items", "Solution Items", "{089100B1-113F-4E66-888A-E83F3999EAFD}"
	ProjectSection(SolutionItems) = preProject
		.editorconfig = .editorconfig
	EndProjectSection
EndProject
Global
	GlobalSection(SolutionConfigurationPlatforms) = preSolution
		Debug|Any CPU = Debug|Any CPU
		Release|Any CPU = Release|Any CPU
	EndGlobalSection
	GlobalSection(ProjectConfigurationPlatforms) = postSolution
		{3BF7D808-C22E-45EB-AAE7-A1F10AC02F07}.Debug|Any CPU.ActiveCfg = Debug|Any CPU
		{3BF7D808-C22E-45EB-AAE7-A1F10AC02F07}.Debug|Any CPU.Build.0 = Debug|Any CPU
		{3BF7D808-C22E-45EB-AAE7-A1F10AC02F07}.Release|Any CPU.ActiveCfg = Release|Any CPU
		{3BF7D808-C22E-45EB-AAE7-A1F10AC02F07}.Release|Any CPU.Build.0 = Release|Any CPU
		{B556D3AD-4A36-43CD-90B5-3F36DA561763}.Debug|Any CPU.ActiveCfg = Debug|Any CPU
		{B556D3AD-4A36-43CD-90B5-3F36DA561763}.Debug|Any CPU.Build.0 = Debug|Any CPU
		{B556D3AD-4A36-43CD-90B5-3F36DA561763}.Release|Any CPU.ActiveCfg = Release|Any CPU
		{B556D3AD-4A36-43CD-90B5-3F36DA561763}.Release|Any CPU.Build.0 = Release|Any CPU
	EndGlobalSection
	GlobalSection(SolutionProperties) = preSolution
		HideSolutionNode = FALSE
	EndGlobalSection
	GlobalSection(NestedProjects) = preSolution
		{B556D3AD-4A36-43CD-90B5-3F36DA561763} = {0AB3BF05-4346-4AA6-1389-037BE0695223}
	EndGlobalSection
	GlobalSection(ExtensibilityGlobals) = postSolution
		SolutionGuid = {0CD02188-14AB-46B5-A62C-C5762CF98849}
	EndGlobalSection
EndGlobal
